
Microsoft Visual Studio Solution File, Format Version 12.00
# Visual Studio Version 17
VisualStudioVersion = 17.12.35506.116
MinimumVisualStudioVersion = 10.0.40219.1
Project("{8BC9CEB8-8B4A-11D0-8D11-00A0C91BC942}") = "Pointers", "Pointers\Pointers.vcxproj", "{99819FFE-5D84-4158-B0AD-73177907C2CF}"
EndProject
Project("{8BC9CEB8-8B4A-11D0-8D11-00A0C91BC942}") = "TransferParameters", "TransferParameters\TransferParameters.vcxproj", "{9ED92D6E-496E-4B26-A4C1-69590F317ED7}"
EndProject
Project("{8BC9CEB8-8B4A-11D0-8D11-00A0C91BC942}") = "DynamicMemory", "DynamicMemory\DynamicMemory.vcxproj", "{0A01B4BD-CBE9-4164-8EC0-F9CA012FF28C}"
EndProject
Project("{8BC9CEB8-8B4A-11D0-8D11-00A0C91BC942}") = "Split", "Split\Split.vcxproj", "{FA37B545-603F-42E6-89C5-478107D69E2D}"
EndProject
Project("{8BC9CEB8-8B4A-11D0-8D11-00A0C91BC942}") = "Split_DZ", "Split_DZ\Split_DZ.vcxproj", "{56DA71C5-2A7F-48A5-8C6E-6AD18169FD8E}"
EndProject
Global
	GlobalSection(SolutionConfigurationPlatforms) = preSolution
		Debug|x64 = Debug|x64
		Debug|x86 = Debug|x86
		Release|x64 = Release|x64
		Release|x86 = Release|x86
	EndGlobalSection
	GlobalSection(ProjectConfigurationPlatforms) = postSolution
		{99819FFE-5D84-4158-B0AD-73177907C2CF}.Debug|x64.ActiveCfg = Debug|x64
		{99819FFE-5D84-4158-B0AD-73177907C2CF}.Debug|x64.Build.0 = Debug|x64
		{99819FFE-5D84-4158-B0AD-73177907C2CF}.Debug|x86.ActiveCfg = Debug|Win32
		{99819FFE-5D84-4158-B0AD-73177907C2CF}.Debug|x86.Build.0 = Debug|Win32
		{99819FFE-5D84-4158-B0AD-73177907C2CF}.Release|x64.ActiveCfg = Release|x64
		{99819FFE-5D84-4158-B0AD-73177907C2CF}.Release|x64.Build.0 = Release|x64
		{99819FFE-5D84-4158-B0AD-73177907C2CF}.Release|x86.ActiveCfg = Release|Win32
		{99819FFE-5D84-4158-B0AD-73177907C2CF}.Release|x86.Build.0 = Release|Win32
		{9ED92D6E-496E-4B26-A4C1-69590F317ED7}.Debug|x64.ActiveCfg = Debug|x64
		{9ED92D6E-496E-4B26-A4C1-69590F317ED7}.Debug|x64.Build.0 = Debug|x64
		{9ED92D6E-496E-4B26-A4C1-69590F317ED7}.Debug|x86.ActiveCfg = Debug|Win32
		{9ED92D6E-496E-4B26-A4C1-69590F317ED7}.Debug|x86.Build.0 = Debug|Win32
		{9ED92D6E-496E-4B26-A4C1-69590F317ED7}.Release|x64.ActiveCfg = Release|x64
		{9ED92D6E-496E-4B26-A4C1-69590F317ED7}.Release|x64.Build.0 = Release|x64
		{9ED92D6E-496E-4B26-A4C1-69590F317ED7}.Release|x86.ActiveCfg = Release|Win32
		{9ED92D6E-496E-4B26-A4C1-69590F317ED7}.Release|x86.Build.0 = Release|Win32
		{0A01B4BD-CBE9-4164-8EC0-F9CA012FF28C}.Debug|x64.ActiveCfg = Debug|x64
		{0A01B4BD-CBE9-4164-8EC0-F9CA012FF28C}.Debug|x64.Build.0 = Debug|x64
		{0A01B4BD-CBE9-4164-8EC0-F9CA012FF28C}.Debug|x86.ActiveCfg = Debug|Win32
		{0A01B4BD-CBE9-4164-8EC0-F9CA012FF28C}.Debug|x86.Build.0 = Debug|Win32
		{0A01B4BD-CBE9-4164-8EC0-F9CA012FF28C}.Release|x64.ActiveCfg = Release|x64
		{0A01B4BD-CBE9-4164-8EC0-F9CA012FF28C}.Release|x64.Build.0 = Release|x64
		{0A01B4BD-CBE9-4164-8EC0-F9CA012FF28C}.Release|x86.ActiveCfg = Release|Win32
		{0A01B4BD-CBE9-4164-8EC0-F9CA012FF28C}.Release|x86.Build.0 = Release|Win32
		{FA37B545-603F-42E6-89C5-478107D69E2D}.Debug|x64.ActiveCfg = Debug|x64
		{FA37B545-603F-42E6-89C5-478107D69E2D}.Debug|x64.Build.0 = Debug|x64
		{FA37B545-603F-42E6-89C5-478107D69E2D}.Debug|x86.ActiveCfg = Debug|Win32
		{FA37B545-603F-42E6-89C5-478107D69E2D}.Debug|x86.Build.0 = Debug|Win32
		{FA37B545-603F-42E6-89C5-478107D69E2D}.Release|x64.ActiveCfg = Release|x64
		{FA37B545-603F-42E6-89C5-478107D69E2D}.Release|x64.Build.0 = Release|x64
		{FA37B545-603F-42E6-89C5-478107D69E2D}.Release|x86.ActiveCfg = Release|Win32
		{FA37B545-603F-42E6-89C5-478107D69E2D}.Release|x86.Build.0 = Release|Win32
		{56DA71C5-2A7F-48A5-8C6E-6AD18169FD8E}.Debug|x64.ActiveCfg = Debug|x64
		{56DA71C5-2A7F-48A5-8C6E-6AD18169FD8E}.Debug|x64.Build.0 = Debug|x64
		{56DA71C5-2A7F-48A5-8C6E-6AD18169FD8E}.Debug|x86.ActiveCfg = Debug|Win32
		{56DA71C5-2A7F-48A5-8C6E-6AD18169FD8E}.Debug|x86.Build.0 = Debug|Win32
		{56DA71C5-2A7F-48A5-8C6E-6AD18169FD8E}.Release|x64.ActiveCfg = Release|x64
		{56DA71C5-2A7F-48A5-8C6E-6AD18169FD8E}.Release|x64.Build.0 = Release|x64
		{56DA71C5-2A7F-48A5-8C6E-6AD18169FD8E}.Release|x86.ActiveCfg = Release|Win32
		{56DA71C5-2A7F-48A5-8C6E-6AD18169FD8E}.Release|x86.Build.0 = Release|Win32
	EndGlobalSection
	GlobalSection(SolutionProperties) = preSolution
		HideSolutionNode = FALSE
	EndGlobalSection
EndGlobal
